// !$*UTF8*$!
{
	archiveVersion = 1;
	classes = {
	};
	objectVersion = 46;
	objects = {

/* Begin PBXBuildFile section */
		4CAAA9281B6AA469000E4E74 /* AthleteDetailsViewController.swift in Sources */ = {isa = PBXBuildFile; fileRef = 4CAAA9271B6AA469000E4E74 /* AthleteDetailsViewController.swift */; };
		4CAAA92C1B6ADFA0000E4E74 /* AthleteDetailViewCell.swift in Sources */ = {isa = PBXBuildFile; fileRef = 4CAAA92B1B6ADFA0000E4E74 /* AthleteDetailViewCell.swift */; };
		4CDAEF711B6919A8002E256C /* AppDelegate.swift in Sources */ = {isa = PBXBuildFile; fileRef = 4CDAEF701B6919A8002E256C /* AppDelegate.swift */; };
		4CDAEF741B6919A8002E256C /* SportsCards.xcdatamodeld in Sources */ = {isa = PBXBuildFile; fileRef = 4CDAEF721B6919A8002E256C /* SportsCards.xcdatamodeld */; };
		4CDAEF791B6919A8002E256C /* Main.storyboard in Resources */ = {isa = PBXBuildFile; fileRef = 4CDAEF771B6919A8002E256C /* Main.storyboard */; };
		4CDAEF7B1B6919A8002E256C /* Images.xcassets in Resources */ = {isa = PBXBuildFile; fileRef = 4CDAEF7A1B6919A8002E256C /* Images.xcassets */; };
		4CDAEF7E1B6919A8002E256C /* LaunchScreen.xib in Resources */ = {isa = PBXBuildFile; fileRef = 4CDAEF7C1B6919A8002E256C /* LaunchScreen.xib */; };
		4CDAEF8A1B6919A8002E256C /* SportsCardsTests.swift in Sources */ = {isa = PBXBuildFile; fileRef = 4CDAEF891B6919A8002E256C /* SportsCardsTests.swift */; };
		4CDAEFA01B6935D0002E256C /* AthleteStats.swift in Sources */ = {isa = PBXBuildFile; fileRef = 4CDAEF9F1B6935D0002E256C /* AthleteStats.swift */; };
		4CDAEFA21B6935D1002E256C /* Positions.swift in Sources */ = {isa = PBXBuildFile; fileRef = 4CDAEFA11B6935D1002E256C /* Positions.swift */; };
		4CDAEFA41B6935D1002E256C /* TeamStats.swift in Sources */ = {isa = PBXBuildFile; fileRef = 4CDAEFA31B6935D1002E256C /* TeamStats.swift */; };
		4CDAEFA61B6935D1002E256C /* Team.swift in Sources */ = {isa = PBXBuildFile; fileRef = 4CDAEFA51B6935D1002E256C /* Team.swift */; };
		4CDAEFA81B6935D1002E256C /* Athlete.swift in Sources */ = {isa = PBXBuildFile; fileRef = 4CDAEFA71B6935D1002E256C /* Athlete.swift */; };
		5B3829A41B6954B9006E54F7 /* RoundedRectButton.swift in Sources */ = {isa = PBXBuildFile; fileRef = 5B3829A31B6954B9006E54F7 /* RoundedRectButton.swift */; };
		5B3829A81B6954DB006E54F7 /* TeamInfoViewController.swift in Sources */ = {isa = PBXBuildFile; fileRef = 5B3829A61B6954DB006E54F7 /* TeamInfoViewController.swift */; };
		5B3829AC1B6965C7006E54F7 /* EditableTableViewCell.swift in Sources */ = {isa = PBXBuildFile; fileRef = 5B3829AB1B6965C7006E54F7 /* EditableTableViewCell.swift */; };
		D65B8A2B1B6A9959000C1415 /* SelectMetricsViewController.swift in Sources */ = {isa = PBXBuildFile; fileRef = D65B8A2A1B6A9959000C1415 /* SelectMetricsViewController.swift */; };
		D65B8A2D1B6AE056000C1415 /* CardDisplayViewController.swift in Sources */ = {isa = PBXBuildFile; fileRef = D65B8A2C1B6AE056000C1415 /* CardDisplayViewController.swift */; };
		D66B5ADA1B69878B00D744A0 /* CreateCardViewController.swift in Sources */ = {isa = PBXBuildFile; fileRef = D66B5AD91B69878B00D744A0 /* CreateCardViewController.swift */; };
		D6D488381B6922F7000FB4B3 /* AddAthleteViewController.swift in Sources */ = {isa = PBXBuildFile; fileRef = D6D488371B6922F7000FB4B3 /* AddAthleteViewController.swift */; };
		D6D4883A1B692367000FB4B3 /* AthleteListViewController.swift in Sources */ = {isa = PBXBuildFile; fileRef = D6D488391B692367000FB4B3 /* AthleteListViewController.swift */; };
/* End PBXBuildFile section */

/* Begin PBXContainerItemProxy section */
		4CDAEF841B6919A8002E256C /* PBXContainerItemProxy */ = {
			isa = PBXContainerItemProxy;
			containerPortal = 4CDAEF631B6919A8002E256C /* Project object */;
			proxyType = 1;
			remoteGlobalIDString = 4CDAEF6A1B6919A8002E256C;
			remoteInfo = SportsCards;
		};
/* End PBXContainerItemProxy section */

/* Begin PBXFileReference section */
		4CAAA9271B6AA469000E4E74 /* AthleteDetailsViewController.swift */ = {isa = PBXFileReference; fileEncoding = 4; lastKnownFileType = sourcecode.swift; path = AthleteDetailsViewController.swift; sourceTree = "<group>"; };
		4CAAA92B1B6ADFA0000E4E74 /* AthleteDetailViewCell.swift */ = {isa = PBXFileReference; fileEncoding = 4; lastKnownFileType = sourcecode.swift; path = AthleteDetailViewCell.swift; sourceTree = "<group>"; };
		4CDAEF6B1B6919A8002E256C /* SportsCards.app */ = {isa = PBXFileReference; explicitFileType = wrapper.application; includeInIndex = 0; path = SportsCards.app; sourceTree = BUILT_PRODUCTS_DIR; };
		4CDAEF6F1B6919A8002E256C /* Info.plist */ = {isa = PBXFileReference; lastKnownFileType = text.plist.xml; path = Info.plist; sourceTree = "<group>"; };
		4CDAEF701B6919A8002E256C /* AppDelegate.swift */ = {isa = PBXFileReference; lastKnownFileType = sourcecode.swift; path = AppDelegate.swift; sourceTree = "<group>"; };
		4CDAEF731B6919A8002E256C /* SportsCards.xcdatamodel */ = {isa = PBXFileReference; lastKnownFileType = wrapper.xcdatamodel; path = SportsCards.xcdatamodel; sourceTree = "<group>"; };
		4CDAEF781B6919A8002E256C /* Base */ = {isa = PBXFileReference; lastKnownFileType = file.storyboard; name = Base; path = Base.lproj/Main.storyboard; sourceTree = "<group>"; };
		4CDAEF7A1B6919A8002E256C /* Images.xcassets */ = {isa = PBXFileReference; lastKnownFileType = folder.assetcatalog; path = Images.xcassets; sourceTree = "<group>"; };
		4CDAEF7D1B6919A8002E256C /* Base */ = {isa = PBXFileReference; lastKnownFileType = file.xib; name = Base; path = Base.lproj/LaunchScreen.xib; sourceTree = "<group>"; };
		4CDAEF831B6919A8002E256C /* SportsCardsTests.xctest */ = {isa = PBXFileReference; explicitFileType = wrapper.cfbundle; includeInIndex = 0; path = SportsCardsTests.xctest; sourceTree = BUILT_PRODUCTS_DIR; };
		4CDAEF881B6919A8002E256C /* Info.plist */ = {isa = PBXFileReference; lastKnownFileType = text.plist.xml; path = Info.plist; sourceTree = "<group>"; };
		4CDAEF891B6919A8002E256C /* SportsCardsTests.swift */ = {isa = PBXFileReference; lastKnownFileType = sourcecode.swift; path = SportsCardsTests.swift; sourceTree = "<group>"; };
		4CDAEF9F1B6935D0002E256C /* AthleteStats.swift */ = {isa = PBXFileReference; fileEncoding = 4; lastKnownFileType = sourcecode.swift; path = AthleteStats.swift; sourceTree = "<group>"; };
		4CDAEFA11B6935D1002E256C /* Positions.swift */ = {isa = PBXFileReference; fileEncoding = 4; lastKnownFileType = sourcecode.swift; path = Positions.swift; sourceTree = "<group>"; };
		4CDAEFA31B6935D1002E256C /* TeamStats.swift */ = {isa = PBXFileReference; fileEncoding = 4; lastKnownFileType = sourcecode.swift; path = TeamStats.swift; sourceTree = "<group>"; };
		4CDAEFA51B6935D1002E256C /* Team.swift */ = {isa = PBXFileReference; fileEncoding = 4; lastKnownFileType = sourcecode.swift; path = Team.swift; sourceTree = "<group>"; };
		4CDAEFA71B6935D1002E256C /* Athlete.swift */ = {isa = PBXFileReference; fileEncoding = 4; lastKnownFileType = sourcecode.swift; path = Athlete.swift; sourceTree = "<group>"; };
		5B3829A31B6954B9006E54F7 /* RoundedRectButton.swift */ = {isa = PBXFileReference; fileEncoding = 4; lastKnownFileType = sourcecode.swift; path = RoundedRectButton.swift; sourceTree = "<group>"; };
		5B3829A61B6954DB006E54F7 /* TeamInfoViewController.swift */ = {isa = PBXFileReference; fileEncoding = 4; lastKnownFileType = sourcecode.swift; path = TeamInfoViewController.swift; sourceTree = "<group>"; };
		5B3829AB1B6965C7006E54F7 /* EditableTableViewCell.swift */ = {isa = PBXFileReference; fileEncoding = 4; lastKnownFileType = sourcecode.swift; path = EditableTableViewCell.swift; sourceTree = "<group>"; };
		D65B8A2A1B6A9959000C1415 /* SelectMetricsViewController.swift */ = {isa = PBXFileReference; fileEncoding = 4; lastKnownFileType = sourcecode.swift; path = SelectMetricsViewController.swift; sourceTree = "<group>"; };
		D65B8A2C1B6AE056000C1415 /* CardDisplayViewController.swift */ = {isa = PBXFileReference; fileEncoding = 4; lastKnownFileType = sourcecode.swift; path = CardDisplayViewController.swift; sourceTree = "<group>"; };
		D66B5AD91B69878B00D744A0 /* CreateCardViewController.swift */ = {isa = PBXFileReference; fileEncoding = 4; lastKnownFileType = sourcecode.swift; path = CreateCardViewController.swift; sourceTree = "<group>"; };
		D6D488371B6922F7000FB4B3 /* AddAthleteViewController.swift */ = {isa = PBXFileReference; fileEncoding = 4; lastKnownFileType = sourcecode.swift; path = AddAthleteViewController.swift; sourceTree = "<group>"; };
		D6D488391B692367000FB4B3 /* AthleteListViewController.swift */ = {isa = PBXFileReference; fileEncoding = 4; lastKnownFileType = sourcecode.swift; path = AthleteListViewController.swift; sourceTree = "<group>"; };
/* End PBXFileReference section */

/* Begin PBXFrameworksBuildPhase section */
		4CDAEF681B6919A8002E256C /* Frameworks */ = {
			isa = PBXFrameworksBuildPhase;
			buildActionMask = 2147483647;
			files = (
			);
			runOnlyForDeploymentPostprocessing = 0;
		};
		4CDAEF801B6919A8002E256C /* Frameworks */ = {
			isa = PBXFrameworksBuildPhase;
			buildActionMask = 2147483647;
			files = (
			);
			runOnlyForDeploymentPostprocessing = 0;
		};
/* End PBXFrameworksBuildPhase section */

/* Begin PBXGroup section */
		4CDAEF621B6919A8002E256C = {
			isa = PBXGroup;
			children = (
				4CDAEF6D1B6919A8002E256C /* SportsCards */,
				4CDAEF861B6919A8002E256C /* SportsCardsTests */,
				4CDAEF6C1B6919A8002E256C /* Products */,
			);
			sourceTree = "<group>";
		};
		4CDAEF6C1B6919A8002E256C /* Products */ = {
			isa = PBXGroup;
			children = (
				4CDAEF6B1B6919A8002E256C /* SportsCards.app */,
				4CDAEF831B6919A8002E256C /* SportsCardsTests.xctest */,
			);
			name = Products;
			sourceTree = "<group>";
		};
		4CDAEF6D1B6919A8002E256C /* SportsCards */ = {
			isa = PBXGroup;
			children = (
				5B3829A01B695463006E54F7 /* UI */,
				4CDAEF701B6919A8002E256C /* AppDelegate.swift */,
				4CDAEF771B6919A8002E256C /* Main.storyboard */,
				4CAAA92B1B6ADFA0000E4E74 /* AthleteDetailViewCell.swift */,
				4CAAA9271B6AA469000E4E74 /* AthleteDetailsViewController.swift */,
				D66B5AD91B69878B00D744A0 /* CreateCardViewController.swift */,
				D65B8A2A1B6A9959000C1415 /* SelectMetricsViewController.swift */,
				5B3829A61B6954DB006E54F7 /* TeamInfoViewController.swift */,
				D6D488371B6922F7000FB4B3 /* AddAthleteViewController.swift */,
				D66B5AD71B695E8300D744A0 /* TextInputTableViewCell.swift */,
				D6D488391B692367000FB4B3 /* AthleteListViewController.swift */,
				D65B8A2C1B6AE056000C1415 /* CardDisplayViewController.swift */,
				4CDAEF7A1B6919A8002E256C /* Images.xcassets */,
				4CDAEF7C1B6919A8002E256C /* LaunchScreen.xib */,
				4CDAEF721B6919A8002E256C /* SportsCards.xcdatamodeld */,
				4CDAEFA71B6935D1002E256C /* Athlete.swift */,
				4CDAEFA51B6935D1002E256C /* Team.swift */,
				4CDAEFA31B6935D1002E256C /* TeamStats.swift */,
				4CDAEFA11B6935D1002E256C /* Positions.swift */,
				4CDAEF9F1B6935D0002E256C /* AthleteStats.swift */,
				4CDAEF6E1B6919A8002E256C /* Supporting Files */,
			);
			path = SportsCards;
			sourceTree = "<group>";
		};
		4CDAEF6E1B6919A8002E256C /* Supporting Files */ = {
			isa = PBXGroup;
			children = (
				4CDAEF6F1B6919A8002E256C /* Info.plist */,
			);
			name = "Supporting Files";
			sourceTree = "<group>";
		};
		4CDAEF861B6919A8002E256C /* SportsCardsTests */ = {
			isa = PBXGroup;
			children = (
				4CDAEF891B6919A8002E256C /* SportsCardsTests.swift */,
				4CDAEF871B6919A8002E256C /* Supporting Files */,
			);
			path = SportsCardsTests;
			sourceTree = "<group>";
		};
		4CDAEF871B6919A8002E256C /* Supporting Files */ = {
			isa = PBXGroup;
			children = (
				4CDAEF881B6919A8002E256C /* Info.plist */,
			);
			name = "Supporting Files";
			sourceTree = "<group>";
		};
		5B3829A01B695463006E54F7 /* UI */ = {
			isa = PBXGroup;
			children = (
				5B3829A31B6954B9006E54F7 /* RoundedRectButton.swift */,
				5B3829AB1B6965C7006E54F7 /* EditableTableViewCell.swift */,
			);
			name = UI;
			sourceTree = "<group>";
		};
/* End PBXGroup section */

/* Begin PBXNativeTarget section */
		4CDAEF6A1B6919A8002E256C /* SportsCards */ = {
			isa = PBXNativeTarget;
			buildConfigurationList = 4CDAEF8D1B6919A8002E256C /* Build configuration list for PBXNativeTarget "SportsCards" */;
			buildPhases = (
				4CDAEF671B6919A8002E256C /* Sources */,
				4CDAEF681B6919A8002E256C /* Frameworks */,
				4CDAEF691B6919A8002E256C /* Resources */,
			);
			buildRules = (
			);
			dependencies = (
			);
			name = SportsCards;
			productName = SportsCards;
			productReference = 4CDAEF6B1B6919A8002E256C /* SportsCards.app */;
			productType = "com.apple.product-type.application";
		};
		4CDAEF821B6919A8002E256C /* SportsCardsTests */ = {
			isa = PBXNativeTarget;
			buildConfigurationList = 4CDAEF901B6919A8002E256C /* Build configuration list for PBXNativeTarget "SportsCardsTests" */;
			buildPhases = (
				4CDAEF7F1B6919A8002E256C /* Sources */,
				4CDAEF801B6919A8002E256C /* Frameworks */,
				4CDAEF811B6919A8002E256C /* Resources */,
			);
			buildRules = (
			);
			dependencies = (
				4CDAEF851B6919A8002E256C /* PBXTargetDependency */,
			);
			name = SportsCardsTests;
			productName = SportsCardsTests;
			productReference = 4CDAEF831B6919A8002E256C /* SportsCardsTests.xctest */;
			productType = "com.apple.product-type.bundle.unit-test";
		};
/* End PBXNativeTarget section */

/* Begin PBXProject section */
		4CDAEF631B6919A8002E256C /* Project object */ = {
			isa = PBXProject;
			attributes = {
				LastUpgradeCheck = 0640;
				ORGANIZATIONNAME = "Justin Cotner";
				TargetAttributes = {
					4CDAEF6A1B6919A8002E256C = {
						CreatedOnToolsVersion = 6.4;
						DevelopmentTeam = FGYEWDQDU2;
					};
					4CDAEF821B6919A8002E256C = {
						CreatedOnToolsVersion = 6.4;
						TestTargetID = 4CDAEF6A1B6919A8002E256C;
					};
				};
			};
			buildConfigurationList = 4CDAEF661B6919A8002E256C /* Build configuration list for PBXProject "SportsCards" */;
			compatibilityVersion = "Xcode 3.2";
			developmentRegion = English;
			hasScannedForEncodings = 0;
			knownRegions = (
				en,
				Base,
			);
			mainGroup = 4CDAEF621B6919A8002E256C;
			productRefGroup = 4CDAEF6C1B6919A8002E256C /* Products */;
			projectDirPath = "";
			projectRoot = "";
			targets = (
				4CDAEF6A1B6919A8002E256C /* SportsCards */,
				4CDAEF821B6919A8002E256C /* SportsCardsTests */,
			);
		};
/* End PBXProject section */

/* Begin PBXResourcesBuildPhase section */
		4CDAEF691B6919A8002E256C /* Resources */ = {
			isa = PBXResourcesBuildPhase;
			buildActionMask = 2147483647;
			files = (
				4CDAEF791B6919A8002E256C /* Main.storyboard in Resources */,
				4CDAEF7E1B6919A8002E256C /* LaunchScreen.xib in Resources */,
				4CDAEF7B1B6919A8002E256C /* Images.xcassets in Resources */,
			);
			runOnlyForDeploymentPostprocessing = 0;
		};
		4CDAEF811B6919A8002E256C /* Resources */ = {
			isa = PBXResourcesBuildPhase;
			buildActionMask = 2147483647;
			files = (
			);
			runOnlyForDeploymentPostprocessing = 0;
		};
/* End PBXResourcesBuildPhase section */

/* Begin PBXSourcesBuildPhase section */
		4CDAEF671B6919A8002E256C /* Sources */ = {
			isa = PBXSourcesBuildPhase;
			buildActionMask = 2147483647;
			files = (
				4CDAEFA41B6935D1002E256C /* TeamStats.swift in Sources */,
				4CDAEFA61B6935D1002E256C /* Team.swift in Sources */,
				4CDAEFA01B6935D0002E256C /* AthleteStats.swift in Sources */,
				5B3829AC1B6965C7006E54F7 /* EditableTableViewCell.swift in Sources */,
				5B3829A81B6954DB006E54F7 /* TeamInfoViewController.swift in Sources */,
				D65B8A2B1B6A9959000C1415 /* SelectMetricsViewController.swift in Sources */,
				D66B5ADA1B69878B00D744A0 /* CreateCardViewController.swift in Sources */,
				4CDAEF741B6919A8002E256C /* SportsCards.xcdatamodeld in Sources */,
				4CAAA9281B6AA469000E4E74 /* AthleteDetailsViewController.swift in Sources */,
				5B3829A41B6954B9006E54F7 /* RoundedRectButton.swift in Sources */,
				4CAAA92C1B6ADFA0000E4E74 /* AthleteDetailViewCell.swift in Sources */,
				4CDAEFA21B6935D1002E256C /* Positions.swift in Sources */,
				4CDAEF711B6919A8002E256C /* AppDelegate.swift in Sources */,
				D6D4883A1B692367000FB4B3 /* AthleteListViewController.swift in Sources */,
				D65B8A2D1B6AE056000C1415 /* CardDisplayViewController.swift in Sources */,
				D6D488381B6922F7000FB4B3 /* AddAthleteViewController.swift in Sources */,
				4CDAEFA81B6935D1002E256C /* Athlete.swift in Sources */,
			);
			runOnlyForDeploymentPostprocessing = 0;
		};
		4CDAEF7F1B6919A8002E256C /* Sources */ = {
			isa = PBXSourcesBuildPhase;
			buildActionMask = 2147483647;
			files = (
				4CDAEF8A1B6919A8002E256C /* SportsCardsTests.swift in Sources */,
			);
			runOnlyForDeploymentPostprocessing = 0;
		};
/* End PBXSourcesBuildPhase section */

/* Begin PBXTargetDependency section */
		4CDAEF851B6919A8002E256C /* PBXTargetDependency */ = {
			isa = PBXTargetDependency;
			target = 4CDAEF6A1B6919A8002E256C /* SportsCards */;
			targetProxy = 4CDAEF841B6919A8002E256C /* PBXContainerItemProxy */;
		};
/* End PBXTargetDependency section */

/* Begin PBXVariantGroup section */
		4CDAEF771B6919A8002E256C /* Main.storyboard */ = {
			isa = PBXVariantGroup;
			children = (
				4CDAEF781B6919A8002E256C /* Base */,
			);
			name = Main.storyboard;
			sourceTree = "<group>";
		};
		4CDAEF7C1B6919A8002E256C /* LaunchScreen.xib */ = {
			isa = PBXVariantGroup;
			children = (
				4CDAEF7D1B6919A8002E256C /* Base */,
			);
			name = LaunchScreen.xib;
			sourceTree = "<group>";
		};
/* End PBXVariantGroup section */

/* Begin XCBuildConfiguration section */
		4CDAEF8B1B6919A8002E256C /* Debug */ = {
			isa = XCBuildConfiguration;
			buildSettings = {
				ALWAYS_SEARCH_USER_PATHS = NO;
				CLANG_CXX_LANGUAGE_STANDARD = "gnu++0x";
				CLANG_CXX_LIBRARY = "libc++";
				CLANG_ENABLE_MODULES = YES;
				CLANG_ENABLE_OBJC_ARC = YES;
				CLANG_WARN_BOOL_CONVERSION = YES;
				CLANG_WARN_CONSTANT_CONVERSION = YES;
				CLANG_WARN_DIRECT_OBJC_ISA_USAGE = YES_ERROR;
				CLANG_WARN_EMPTY_BODY = YES;
				CLANG_WARN_ENUM_CONVERSION = YES;
				CLANG_WARN_INT_CONVERSION = YES;
				CLANG_WARN_OBJC_ROOT_CLASS = YES_ERROR;
				CLANG_WARN_UNREACHABLE_CODE = YES;
				CLANG_WARN__DUPLICATE_METHOD_MATCH = YES;
				"CODE_SIGN_IDENTITY[sdk=iphoneos*]" = "iPhone Developer";
				COPY_PHASE_STRIP = NO;
				DEBUG_INFORMATION_FORMAT = "dwarf-with-dsym";
				ENABLE_STRICT_OBJC_MSGSEND = YES;
				GCC_C_LANGUAGE_STANDARD = gnu99;
				GCC_DYNAMIC_NO_PIC = NO;
				GCC_NO_COMMON_BLOCKS = YES;
				GCC_OPTIMIZATION_LEVEL = 0;
				GCC_PREPROCESSOR_DEFINITIONS = (
					"DEBUG=1",
					"$(inherited)",
				);
				GCC_SYMBOLS_PRIVATE_EXTERN = NO;
				GCC_WARN_64_TO_32_BIT_CONVERSION = YES;
				GCC_WARN_ABOUT_RETURN_TYPE = YES_ERROR;
				GCC_WARN_UNDECLARED_SELECTOR = YES;
				GCC_WARN_UNINITIALIZED_AUTOS = YES_AGGRESSIVE;
				GCC_WARN_UNUSED_FUNCTION = YES;
				GCC_WARN_UNUSED_VARIABLE = YES;
				IPHONEOS_DEPLOYMENT_TARGET = 8.4;
				MTL_ENABLE_DEBUG_INFO = YES;
				ONLY_ACTIVE_ARCH = YES;
				SDKROOT = iphoneos;
				SWIFT_OPTIMIZATION_LEVEL = "-Onone";
				TARGETED_DEVICE_FAMILY = "1,2";
			};
			name = Debug;
		};
		4CDAEF8C1B6919A8002E256C /* Release */ = {
			isa = XCBuildConfiguration;
			buildSettings = {
				ALWAYS_SEARCH_USER_PATHS = NO;
				CLANG_CXX_LANGUAGE_STANDARD = "gnu++0x";
				CLANG_CXX_LIBRARY = "libc++";
				CLANG_ENABLE_MODULES = YES;
				CLANG_ENABLE_OBJC_ARC = YES;
				CLANG_WARN_BOOL_CONVERSION = YES;
				CLANG_WARN_CONSTANT_CONVERSION = YES;
				CLANG_WARN_DIRECT_OBJC_ISA_USAGE = YES_ERROR;
				CLANG_WARN_EMPTY_BODY = YES;
				CLANG_WARN_ENUM_CONVERSION = YES;
				CLANG_WARN_INT_CONVERSION = YES;
				CLANG_WARN_OBJC_ROOT_CLASS = YES_ERROR;
				CLANG_WARN_UNREACHABLE_CODE = YES;
				CLANG_WARN__DUPLICATE_METHOD_MATCH = YES;
				"CODE_SIGN_IDENTITY[sdk=iphoneos*]" = "iPhone Developer";
				COPY_PHASE_STRIP = NO;
				DEBUG_INFORMATION_FORMAT = "dwarf-with-dsym";
				ENABLE_NS_ASSERTIONS = NO;
				ENABLE_STRICT_OBJC_MSGSEND = YES;
				GCC_C_LANGUAGE_STANDARD = gnu99;
				GCC_NO_COMMON_BLOCKS = YES;
				GCC_WARN_64_TO_32_BIT_CONVERSION = YES;
				GCC_WARN_ABOUT_RETURN_TYPE = YES_ERROR;
				GCC_WARN_UNDECLARED_SELECTOR = YES;
				GCC_WARN_UNINITIALIZED_AUTOS = YES_AGGRESSIVE;
				GCC_WARN_UNUSED_FUNCTION = YES;
				GCC_WARN_UNUSED_VARIABLE = YES;
				IPHONEOS_DEPLOYMENT_TARGET = 8.4;
				MTL_ENABLE_DEBUG_INFO = NO;
				SDKROOT = iphoneos;
				TARGETED_DEVICE_FAMILY = "1,2";
				VALIDATE_PRODUCT = YES;
			};
			name = Release;
		};
		4CDAEF8E1B6919A8002E256C /* Debug */ = {
			isa = XCBuildConfiguration;
			buildSettings = {
				ASSETCATALOG_COMPILER_APPICON_NAME = AppIcon;
				CLANG_ENABLE_MODULES = YES;
				CODE_SIGN_IDENTITY = "iPhone Developer";
				"CODE_SIGN_IDENTITY[sdk=iphoneos*]" = "iPhone Developer";
				INFOPLIST_FILE = SportsCards/Info.plist;
				LD_RUNPATH_SEARCH_PATHS = "$(inherited) @executable_path/Frameworks";
				PRODUCT_NAME = "$(TARGET_NAME)";
				PROVISIONING_PROFILE = "";
				SWIFT_OPTIMIZATION_LEVEL = "-Onone";
			};
			name = Debug;
		};
		4CDAEF8F1B6919A8002E256C /* Release */ = {
			isa = XCBuildConfiguration;
			buildSettings = {
				ASSETCATALOG_COMPILER_APPICON_NAME = AppIcon;
				CLANG_ENABLE_MODULES = YES;
				CODE_SIGN_IDENTITY = "iPhone Developer";
				"CODE_SIGN_IDENTITY[sdk=iphoneos*]" = "iPhone Developer";
				INFOPLIST_FILE = SportsCards/Info.plist;
				LD_RUNPATH_SEARCH_PATHS = "$(inherited) @executable_path/Frameworks";
				PRODUCT_NAME = "$(TARGET_NAME)";
				PROVISIONING_PROFILE = "";
			};
			name = Release;
		};
		4CDAEF911B6919A8002E256C /* Debug */ = {
			isa = XCBuildConfiguration;
			buildSettings = {
				BUNDLE_LOADER = "$(TEST_HOST)";
				FRAMEWORK_SEARCH_PATHS = (
					"$(SDKROOT)/Developer/Library/Frameworks",
					"$(inherited)",
				);
				GCC_PREPROCESSOR_DEFINITIONS = (
					"DEBUG=1",
					"$(inherited)",
				);
				INFOPLIST_FILE = SportsCardsTests/Info.plist;
				LD_RUNPATH_SEARCH_PATHS = "$(inherited) @executable_path/Frameworks @loader_path/Frameworks";
				PRODUCT_NAME = "$(TARGET_NAME)";
				TEST_HOST = "$(BUILT_PRODUCTS_DIR)/SportsCards.app/SportsCards";
			};
			name = Debug;
		};
		4CDAEF921B6919A8002E256C /* Release */ = {
			isa = XCBuildConfiguration;
			buildSettings = {
				BUNDLE_LOADER = "$(TEST_HOST)";
				FRAMEWORK_SEARCH_PATHS = (
					"$(SDKROOT)/Developer/Library/Frameworks",
					"$(inherited)",
				);
				INFOPLIST_FILE = SportsCardsTests/Info.plist;
				LD_RUNPATH_SEARCH_PATHS = "$(inherited) @executable_path/Frameworks @loader_path/Frameworks";
				PRODUCT_NAME = "$(TARGET_NAME)";
				TEST_HOST = "$(BUILT_PRODUCTS_DIR)/SportsCards.app/SportsCards";
			};
			name = Release;
		};
/* End XCBuildConfiguration section */

/* Begin XCConfigurationList section */
		4CDAEF661B6919A8002E256C /* Build configuration list for PBXProject "SportsCards" */ = {
			isa = XCConfigurationList;
			buildConfigurations = (
				4CDAEF8B1B6919A8002E256C /* Debug */,
				4CDAEF8C1B6919A8002E256C /* Release */,
			);
			defaultConfigurationIsVisible = 0;
			defaultConfigurationName = Release;
		};
		4CDAEF8D1B6919A8002E256C /* Build configuration list for PBXNativeTarget "SportsCards" */ = {
			isa = XCConfigurationList;
			buildConfigurations = (
				4CDAEF8E1B6919A8002E256C /* Debug */,
				4CDAEF8F1B6919A8002E256C /* Release */,
			);
			defaultConfigurationIsVisible = 0;
			defaultConfigurationName = Release;
		};
		4CDAEF901B6919A8002E256C /* Build configuration list for PBXNativeTarget "SportsCardsTests" */ = {
			isa = XCConfigurationList;
			buildConfigurations = (
				4CDAEF911B6919A8002E256C /* Debug */,
				4CDAEF921B6919A8002E256C /* Release */,
			);
			defaultConfigurationIsVisible = 0;
			defaultConfigurationName = Release;
		};
/* End XCConfigurationList section */

/* Begin XCVersionGroup section */
		4CDAEF721B6919A8002E256C /* SportsCards.xcdatamodeld */ = {
			isa = XCVersionGroup;
			children = (
				4CDAEF731B6919A8002E256C /* SportsCards.xcdatamodel */,
			);
			currentVersion = 4CDAEF731B6919A8002E256C /* SportsCards.xcdatamodel */;
			path = SportsCards.xcdatamodeld;
			sourceTree = "<group>";
			versionGroupType = wrapper.xcdatamodel;
		};
/* End XCVersionGroup section */
	};
	rootObject = 4CDAEF631B6919A8002E256C /* Project object */;
}
